
Microsoft Visual Studio Solution File, Format Version 12.00
# Visual Studio Version 16
VisualStudioVersion = 16.0.30523.141
MinimumVisualStudioVersion = 10.0.40219.1
Project("{FAE04EC0-301F-11D3-BF4B-00C04F79EFBC}") = "EJ5_Calc_Tema3_Dint", "EJ5_Calc_Tema3_Dint.csproj", "{82648A9F-9C6D-4E98-B269-2B74F50F4006}"
EndProject
Global
	GlobalSection(SolutionConfigurationPlatforms) = preSolution
		Debug|Any CPU = Debug|Any CPU
		Release|Any CPU = Release|Any CPU
	EndGlobalSection
	GlobalSection(ProjectConfigurationPlatforms) = postSolution
		{82648A9F-9C6D-4E98-B269-2B74F50F4006}.Debug|Any CPU.ActiveCfg = Debug|Any CPU
		{82648A9F-9C6D-4E98-B269-2B74F50F4006}.Debug|Any CPU.Build.0 = Debug|Any CPU
		{82648A9F-9C6D-4E98-B269-2B74F50F4006}.Release|Any CPU.ActiveCfg = Release|Any CPU
		{82648A9F-9C6D-4E98-B269-2B74F50F4006}.Release|Any CPU.Build.0 = Release|Any CPU
	EndGlobalSection
	GlobalSection(SolutionProperties) = preSolution
		HideSolutionNode = FALSE
	EndGlobalSection
	GlobalSection(ExtensibilityGlobals) = postSolution
		SolutionGuid = {CDD81423-F58F-42B9-A98C-4DAE8DAEEA52}
	EndGlobalSection
EndGlobal
